
Microsoft Visual Studio Solution File, Format Version 12.00
# Visual Studio Version 16
VisualStudioVersion = 16.0.31005.135
MinimumVisualStudioVersion = 10.0.40219.1
Project("{FAE04EC0-301F-11D3-BF4B-00C04F79EFBC}") = "ReferenceTypes", "ReferenceTypes\ReferenceTypes.csproj", "{99D68D6D-69E1-421F-A652-1FB594AF48B7}"
EndProject
Project("{FAE04EC0-301F-11D3-BF4B-00C04F79EFBC}") = "ValueTypes", "ValueTypes\ValueTypes.csproj", "{BACB127D-B5D7-4907-B3F2-BD5020472E84}"
EndProject
Project("{FAE04EC0-301F-11D3-BF4B-00C04F79EFBC}") = "Arithmetic", "Arithmetic\Arithmetic.csproj", "{61A1373C-1EC1-4E6F-A8FF-D74C840AAB7B}"
EndProject
Project("{FAE04EC0-301F-11D3-BF4B-00C04F79EFBC}") = "Comparison", "Comparison\Comparison.csproj", "{CA3D2F3A-50D8-41B2-9A79-426718FA6261}"
EndProject
Project("{FAE04EC0-301F-11D3-BF4B-00C04F79EFBC}") = "Conditionals", "Conditionals\Conditionals.csproj", "{AAE2054D-D8F4-4FF1-96A0-112E8098742B}"
EndProject
Project("{FAE04EC0-301F-11D3-BF4B-00C04F79EFBC}") = "LoopExamples", "LoopExamples\LoopExamples.csproj", "{BBF25C62-7B97-4CBA-B7AB-C2D9F741B83A}"
EndProject
Project("{FAE04EC0-301F-11D3-BF4B-00C04F79EFBC}") = "conditionsandloopchallenge", "conditionsandloopchallenge\conditionsandloopchallenge.csproj", "{8504E835-852A-4645-B201-C656D69334BE}"
EndProject
Project("{FAE04EC0-301F-11D3-BF4B-00C04F79EFBC}") = "Classes", "Classes\Classes.csproj", "{EC460A34-E1C8-4521-996F-8DE67582206D}"
EndProject
Project("{FAE04EC0-301F-11D3-BF4B-00C04F79EFBC}") = "InheritanceClasses", "InheritanceClasses\InheritanceClasses.csproj", "{FB354B85-6690-4471-A4F8-D6CFE1A00D32}"
EndProject
Project("{FAE04EC0-301F-11D3-BF4B-00C04F79EFBC}") = "ClassPropertiesChallenge", "ClassPropertiesChallenge\ClassPropertiesChallenge.csproj", "{CCA366DB-61A2-4381-845F-A1288648739A}"
EndProject
Project("{FAE04EC0-301F-11D3-BF4B-00C04F79EFBC}") = "Nicksproject", "Nicksproject\Nicksproject.csproj", "{4D4552B7-DD01-4696-8734-A0A66616A53B}"
EndProject
Project("{FAE04EC0-301F-11D3-BF4B-00C04F79EFBC}") = "RepositoryPatterns", "RepositoryPatterns\RepositoryPatterns.csproj", "{CF0121E4-9898-4F41-8475-E7BAC9E9459C}"
EndProject
Project("{FAE04EC0-301F-11D3-BF4B-00C04F79EFBC}") = "StreamingContentRepositoryTest", "StreamingContentRepositoryTest\StreamingContentRepositoryTest.csproj", "{0A1CD271-65FA-4BD8-B83E-DE771F2A741B}"
EndProject
Project("{FAE04EC0-301F-11D3-BF4B-00C04F79EFBC}") = "StreamingContent_inheritance", "StreamingContent_inheritance\StreamingContent_inheritance.csproj", "{D5E22930-02CC-4BE5-9484-539876BCA4EB}"
EndProject
Global
	GlobalSection(SolutionConfigurationPlatforms) = preSolution
		Debug|Any CPU = Debug|Any CPU
		Release|Any CPU = Release|Any CPU
	EndGlobalSection
	GlobalSection(ProjectConfigurationPlatforms) = postSolution
		{99D68D6D-69E1-421F-A652-1FB594AF48B7}.Debug|Any CPU.ActiveCfg = Debug|Any CPU
		{99D68D6D-69E1-421F-A652-1FB594AF48B7}.Debug|Any CPU.Build.0 = Debug|Any CPU
		{99D68D6D-69E1-421F-A652-1FB594AF48B7}.Release|Any CPU.ActiveCfg = Release|Any CPU
		{99D68D6D-69E1-421F-A652-1FB594AF48B7}.Release|Any CPU.Build.0 = Release|Any CPU
		{BACB127D-B5D7-4907-B3F2-BD5020472E84}.Debug|Any CPU.ActiveCfg = Debug|Any CPU
		{BACB127D-B5D7-4907-B3F2-BD5020472E84}.Debug|Any CPU.Build.0 = Debug|Any CPU
		{BACB127D-B5D7-4907-B3F2-BD5020472E84}.Release|Any CPU.ActiveCfg = Release|Any CPU
		{BACB127D-B5D7-4907-B3F2-BD5020472E84}.Release|Any CPU.Build.0 = Release|Any CPU
		{61A1373C-1EC1-4E6F-A8FF-D74C840AAB7B}.Debug|Any CPU.ActiveCfg = Debug|Any CPU
		{61A1373C-1EC1-4E6F-A8FF-D74C840AAB7B}.Debug|Any CPU.Build.0 = Debug|Any CPU
		{61A1373C-1EC1-4E6F-A8FF-D74C840AAB7B}.Release|Any CPU.ActiveCfg = Release|Any CPU
		{61A1373C-1EC1-4E6F-A8FF-D74C840AAB7B}.Release|Any CPU.Build.0 = Release|Any CPU
		{CA3D2F3A-50D8-41B2-9A79-426718FA6261}.Debug|Any CPU.ActiveCfg = Debug|Any CPU
		{CA3D2F3A-50D8-41B2-9A79-426718FA6261}.Debug|Any CPU.Build.0 = Debug|Any CPU
		{CA3D2F3A-50D8-41B2-9A79-426718FA6261}.Release|Any CPU.ActiveCfg = Release|Any CPU
		{CA3D2F3A-50D8-41B2-9A79-426718FA6261}.Release|Any CPU.Build.0 = Release|Any CPU
		{AAE2054D-D8F4-4FF1-96A0-112E8098742B}.Debug|Any CPU.ActiveCfg = Debug|Any CPU
		{AAE2054D-D8F4-4FF1-96A0-112E8098742B}.Debug|Any CPU.Build.0 = Debug|Any CPU
		{AAE2054D-D8F4-4FF1-96A0-112E8098742B}.Release|Any CPU.ActiveCfg = Release|Any CPU
		{AAE2054D-D8F4-4FF1-96A0-112E8098742B}.Release|Any CPU.Build.0 = Release|Any CPU
		{BBF25C62-7B97-4CBA-B7AB-C2D9F741B83A}.Debug|Any CPU.ActiveCfg = Debug|Any CPU
		{BBF25C62-7B97-4CBA-B7AB-C2D9F741B83A}.Debug|Any CPU.Build.0 = Debug|Any CPU
		{BBF25C62-7B97-4CBA-B7AB-C2D9F741B83A}.Release|Any CPU.ActiveCfg = Release|Any CPU
		{BBF25C62-7B97-4CBA-B7AB-C2D9F741B83A}.Release|Any CPU.Build.0 = Release|Any CPU
		{8504E835-852A-4645-B201-C656D69334BE}.Debug|Any CPU.ActiveCfg = Debug|Any CPU
		{8504E835-852A-4645-B201-C656D69334BE}.Debug|Any CPU.Build.0 = Debug|Any CPU
		{8504E835-852A-4645-B201-C656D69334BE}.Release|Any CPU.ActiveCfg = Release|Any CPU
		{8504E835-852A-4645-B201-C656D69334BE}.Release|Any CPU.Build.0 = Release|Any CPU
		{EC460A34-E1C8-4521-996F-8DE67582206D}.Debug|Any CPU.ActiveCfg = Debug|Any CPU
		{EC460A34-E1C8-4521-996F-8DE67582206D}.Debug|Any CPU.Build.0 = Debug|Any CPU
		{EC460A34-E1C8-4521-996F-8DE67582206D}.Release|Any CPU.ActiveCfg = Release|Any CPU
		{EC460A34-E1C8-4521-996F-8DE67582206D}.Release|Any CPU.Build.0 = Release|Any CPU
		{FB354B85-6690-4471-A4F8-D6CFE1A00D32}.Debug|Any CPU.ActiveCfg = Debug|Any CPU
		{FB354B85-6690-4471-A4F8-D6CFE1A00D32}.Debug|Any CPU.Build.0 = Debug|Any CPU
		{FB354B85-6690-4471-A4F8-D6CFE1A00D32}.Release|Any CPU.ActiveCfg = Release|Any CPU
		{FB354B85-6690-4471-A4F8-D6CFE1A00D32}.Release|Any CPU.Build.0 = Release|Any CPU
		{CCA366DB-61A2-4381-845F-A1288648739A}.Debug|Any CPU.ActiveCfg = Debug|Any CPU
		{CCA366DB-61A2-4381-845F-A1288648739A}.Debug|Any CPU.Build.0 = Debug|Any CPU
		{CCA366DB-61A2-4381-845F-A1288648739A}.Release|Any CPU.ActiveCfg = Release|Any CPU
		{CCA366DB-61A2-4381-845F-A1288648739A}.Release|Any CPU.Build.0 = Release|Any CPU
		{4D4552B7-DD01-4696-8734-A0A66616A53B}.Debug|Any CPU.ActiveCfg = Debug|Any CPU
		{4D4552B7-DD01-4696-8734-A0A66616A53B}.Debug|Any CPU.Build.0 = Debug|Any CPU
		{4D4552B7-DD01-4696-8734-A0A66616A53B}.Release|Any CPU.ActiveCfg = Release|Any CPU
		{4D4552B7-DD01-4696-8734-A0A66616A53B}.Release|Any CPU.Build.0 = Release|Any CPU
		{CF0121E4-9898-4F41-8475-E7BAC9E9459C}.Debug|Any CPU.ActiveCfg = Debug|Any CPU
		{CF0121E4-9898-4F41-8475-E7BAC9E9459C}.Debug|Any CPU.Build.0 = Debug|Any CPU
		{CF0121E4-9898-4F41-8475-E7BAC9E9459C}.Release|Any CPU.ActiveCfg = Release|Any CPU
		{CF0121E4-9898-4F41-8475-E7BAC9E9459C}.Release|Any CPU.Build.0 = Release|Any CPU
		{0A1CD271-65FA-4BD8-B83E-DE771F2A741B}.Debug|Any CPU.ActiveCfg = Debug|Any CPU
		{0A1CD271-65FA-4BD8-B83E-DE771F2A741B}.Debug|Any CPU.Build.0 = Debug|Any CPU
		{0A1CD271-65FA-4BD8-B83E-DE771F2A741B}.Release|Any CPU.ActiveCfg = Release|Any CPU
		{0A1CD271-65FA-4BD8-B83E-DE771F2A741B}.Release|Any CPU.Build.0 = Release|Any CPU
		{D5E22930-02CC-4BE5-9484-539876BCA4EB}.Debug|Any CPU.ActiveCfg = Debug|Any CPU
		{D5E22930-02CC-4BE5-9484-539876BCA4EB}.Debug|Any CPU.Build.0 = Debug|Any CPU
		{D5E22930-02CC-4BE5-9484-539876BCA4EB}.Release|Any CPU.ActiveCfg = Release|Any CPU
		{D5E22930-02CC-4BE5-9484-539876BCA4EB}.Release|Any CPU.Build.0 = Release|Any CPU
	EndGlobalSection
	GlobalSection(SolutionProperties) = preSolution
		HideSolutionNode = FALSE
	EndGlobalSection
	GlobalSection(ExtensibilityGlobals) = postSolution
		SolutionGuid = {362181EE-BC97-4866-9427-A402AF0F2021}
	EndGlobalSection
EndGlobal
